# This file is automatically @generated by Cargo.
# It is not intended for manual editing.
version = 4

[[package]]
name = "vanta-ast"
version = "0.1.0"

[[package]]
name = "vanta-cli"
version = "0.1.0"

[[package]]
name = "vanta-codegen-llvm"
version = "0.1.0"

[[package]]
name = "vanta-diagnostics"
version = "0.1.0"

[[package]]
name = "vanta-lexer"
version = "0.1.0"

[[package]]
name = "vanta-parser"
version = "0.1.0"

[[package]]
name = "vanta-sema"
version = "0.1.0"
